// !$*UTF8*$!
{
	archiveVersion = 1;
	classes = {
	};
	objectVersion = 46;
	objects = {

/* Begin PBXBuildFile section */
		FB10F4761F1E9DC500AB42F3 /* AppDelegate.swift in Sources */ = {isa = PBXBuildFile; fileRef = FB10F4751F1E9DC500AB42F3 /* AppDelegate.swift */; };
		FB10F4781F1E9DC500AB42F3 /* ViewController.swift in Sources */ = {isa = PBXBuildFile; fileRef = FB10F4771F1E9DC500AB42F3 /* ViewController.swift */; };
		FB10F47B1F1E9DC500AB42F3 /* Main.storyboard in Resources */ = {isa = PBXBuildFile; fileRef = FB10F4791F1E9DC500AB42F3 /* Main.storyboard */; };
		FB10F47D1F1E9DC500AB42F3 /* Assets.xcassets in Resources */ = {isa = PBXBuildFile; fileRef = FB10F47C1F1E9DC500AB42F3 /* Assets.xcassets */; };
		FB10F4801F1E9DC500AB42F3 /* LaunchScreen.storyboard in Resources */ = {isa = PBXBuildFile; fileRef = FB10F47E1F1E9DC500AB42F3 /* LaunchScreen.storyboard */; };
		FB10F4931F1EA5B200AB42F3 /* carousel.swift in Sources */ = {isa = PBXBuildFile; fileRef = FB10F4911F1EA5B200AB42F3 /* carousel.swift */; };
		FB10F4941F1EA5B200AB42F3 /* movie.swift in Sources */ = {isa = PBXBuildFile; fileRef = FB10F4921F1EA5B200AB42F3 /* movie.swift */; };
		FB10F49A1F1EA79000AB42F3 /* iCarousel.m in Sources */ = {isa = PBXBuildFile; fileRef = FB10F4991F1EA79000AB42F3 /* iCarousel.m */; };
/* End PBXBuildFile section */

/* Begin PBXFileReference section */
		FB10F4721F1E9DC500AB42F3 /* CarrouselTest.app */ = {isa = PBXFileReference; explicitFileType = wrapper.application; includeInIndex = 0; path = CarrouselTest.app; sourceTree = BUILT_PRODUCTS_DIR; };
		FB10F4751F1E9DC500AB42F3 /* AppDelegate.swift */ = {isa = PBXFileReference; lastKnownFileType = sourcecode.swift; path = AppDelegate.swift; sourceTree = "<group>"; };
		FB10F4771F1E9DC500AB42F3 /* ViewController.swift */ = {isa = PBXFileReference; lastKnownFileType = sourcecode.swift; path = ViewController.swift; sourceTree = "<group>"; };
		FB10F47A1F1E9DC500AB42F3 /* Base */ = {isa = PBXFileReference; lastKnownFileType = file.storyboard; name = Base; path = Base.lproj/Main.storyboard; sourceTree = "<group>"; };
		FB10F47C1F1E9DC500AB42F3 /* Assets.xcassets */ = {isa = PBXFileReference; lastKnownFileType = folder.assetcatalog; path = Assets.xcassets; sourceTree = "<group>"; };
		FB10F47F1F1E9DC500AB42F3 /* Base */ = {isa = PBXFileReference; lastKnownFileType = file.storyboard; name = Base; path = Base.lproj/LaunchScreen.storyboard; sourceTree = "<group>"; };
		FB10F4811F1E9DC500AB42F3 /* Info.plist */ = {isa = PBXFileReference; lastKnownFileType = text.plist.xml; path = Info.plist; sourceTree = "<group>"; };
		FB10F4911F1EA5B200AB42F3 /* carousel.swift */ = {isa = PBXFileReference; fileEncoding = 4; lastKnownFileType = sourcecode.swift; path = carousel.swift; sourceTree = "<group>"; };
		FB10F4921F1EA5B200AB42F3 /* movie.swift */ = {isa = PBXFileReference; fileEncoding = 4; lastKnownFileType = sourcecode.swift; path = movie.swift; sourceTree = "<group>"; };
		FB10F4981F1EA79000AB42F3 /* iCarousel.h */ = {isa = PBXFileReference; fileEncoding = 4; lastKnownFileType = sourcecode.c.h; path = iCarousel.h; sourceTree = "<group>"; };
		FB10F4991F1EA79000AB42F3 /* iCarousel.m */ = {isa = PBXFileReference; fileEncoding = 4; lastKnownFileType = sourcecode.c.objc; path = iCarousel.m; sourceTree = "<group>"; };
		FB10F49B1F1EA7F000AB42F3 /* CarrouselTest-Bridging-Header.h */ = {isa = PBXFileReference; lastKnownFileType = sourcecode.c.h; path = "CarrouselTest-Bridging-Header.h"; sourceTree = "<group>"; };
/* End PBXFileReference section */

/* Begin PBXFrameworksBuildPhase section */
		FB10F46F1F1E9DC500AB42F3 /* Frameworks */ = {
			isa = PBXFrameworksBuildPhase;
			buildActionMask = 2147483647;
			files = (
			);
			runOnlyForDeploymentPostprocessing = 0;
		};
/* End PBXFrameworksBuildPhase section */

/* Begin PBXGroup section */
		FB10F4691F1E9DC500AB42F3 = {
			isa = PBXGroup;
			children = (
				FB10F4741F1E9DC500AB42F3 /* CarrouselTest */,
				FB10F4731F1E9DC500AB42F3 /* Products */,
			);
			sourceTree = "<group>";
		};
		FB10F4731F1E9DC500AB42F3 /* Products */ = {
			isa = PBXGroup;
			children = (
				FB10F4721F1E9DC500AB42F3 /* CarrouselTest.app */,
			);
			name = Products;
			sourceTree = "<group>";
		};
		FB10F4741F1E9DC500AB42F3 /* CarrouselTest */ = {
			isa = PBXGroup;
			children = (
				FB10F4901F1EA48C00AB42F3 /* Model */,
				FB10F4871F1EA02400AB42F3 /* Libraries */,
				FB10F4751F1E9DC500AB42F3 /* AppDelegate.swift */,
				FB10F4771F1E9DC500AB42F3 /* ViewController.swift */,
				FB10F4791F1E9DC500AB42F3 /* Main.storyboard */,
				FB10F47C1F1E9DC500AB42F3 /* Assets.xcassets */,
				FB10F47E1F1E9DC500AB42F3 /* LaunchScreen.storyboard */,
				FB10F4811F1E9DC500AB42F3 /* Info.plist */,
			);
			path = CarrouselTest;
			sourceTree = "<group>";
		};
		FB10F4871F1EA02400AB42F3 /* Libraries */ = {
			isa = PBXGroup;
			children = (
				FB10F4981F1EA79000AB42F3 /* iCarousel.h */,
				FB10F4991F1EA79000AB42F3 /* iCarousel.m */,
				FB10F49B1F1EA7F000AB42F3 /* CarrouselTest-Bridging-Header.h */,
			);
			name = Libraries;
			path = ..;
			sourceTree = "<group>";
		};
		FB10F4901F1EA48C00AB42F3 /* Model */ = {
			isa = PBXGroup;
			children = (
				FB10F4911F1EA5B200AB42F3 /* carousel.swift */,
				FB10F4921F1EA5B200AB42F3 /* movie.swift */,
			);
			name = Model;
			sourceTree = "<group>";
		};
/* End PBXGroup section */

/* Begin PBXNativeTarget section */
		FB10F4711F1E9DC500AB42F3 /* CarrouselTest */ = {
			isa = PBXNativeTarget;
			buildConfigurationList = FB10F4841F1E9DC500AB42F3 /* Build configuration list for PBXNativeTarget "CarrouselTest" */;
			buildPhases = (
				FB10F46E1F1E9DC500AB42F3 /* Sources */,
				FB10F46F1F1E9DC500AB42F3 /* Frameworks */,
				FB10F4701F1E9DC500AB42F3 /* Resources */,
			);
			buildRules = (
			);
			dependencies = (
			);
			name = CarrouselTest;
			productName = CarrouselTest;
			productReference = FB10F4721F1E9DC500AB42F3 /* CarrouselTest.app */;
			productType = "com.apple.product-type.application";
		};
/* End PBXNativeTarget section */

/* Begin PBXProject section */
		FB10F46A1F1E9DC500AB42F3 /* Project object */ = {
			isa = PBXProject;
			attributes = {
				LastSwiftUpdateCheck = 0830;
				LastUpgradeCheck = 0830;
				ORGANIZATIONNAME = RodrigoChetto;
				TargetAttributes = {
					FB10F4711F1E9DC500AB42F3 = {
						CreatedOnToolsVersion = 8.3.3;
						LastSwiftMigration = 0830;
						ProvisioningStyle = Automatic;
					};
				};
			};
			buildConfigurationList = FB10F46D1F1E9DC500AB42F3 /* Build configuration list for PBXProject "CarrouselTest" */;
			compatibilityVersion = "Xcode 3.2";
			developmentRegion = English;
			hasScannedForEncodings = 0;
			knownRegions = (
				en,
				Base,
			);
			mainGroup = FB10F4691F1E9DC500AB42F3;
			productRefGroup = FB10F4731F1E9DC500AB42F3 /* Products */;
			projectDirPath = "";
			projectRoot = "";
			targets = (
				FB10F4711F1E9DC500AB42F3 /* CarrouselTest */,
			);
		};
/* End PBXProject section */

/* Begin PBXResourcesBuildPhase section */
		FB10F4701F1E9DC500AB42F3 /* Resources */ = {
			isa = PBXResourcesBuildPhase;
			buildActionMask = 2147483647;
			files = (
				FB10F4801F1E9DC500AB42F3 /* LaunchScreen.storyboard in Resources */,
				FB10F47D1F1E9DC500AB42F3 /* Assets.xcassets in Resources */,
				FB10F47B1F1E9DC500AB42F3 /* Main.storyboard in Resources */,
			);
			runOnlyForDeploymentPostprocessing = 0;
		};
/* End PBXResourcesBuildPhase section */

/* Begin PBXSourcesBuildPhase section */
		FB10F46E1F1E9DC500AB42F3 /* Sources */ = {
			isa = PBXSourcesBuildPhase;
			buildActionMask = 2147483647;
			files = (
				FB10F4781F1E9DC500AB42F3 /* ViewController.swift in Sources */,
				FB10F49A1F1EA79000AB42F3 /* iCarousel.m in Sources */,
				FB10F4761F1E9DC500AB42F3 /* AppDelegate.swift in Sources */,
				FB10F4931F1EA5B200AB42F3 /* carousel.swift in Sources */,
				FB10F4941F1EA5B200AB42F3 /* movie.swift in Sources */,
			);
			runOnlyForDeploymentPostprocessing = 0;
		};
/* End PBXSourcesBuildPhase section */

/* Begin PBXVariantGroup section */
		FB10F4791F1E9DC500AB42F3 /* Main.storyboard */ = {
			isa = PBXVariantGroup;
			children = (
				FB10F47A1F1E9DC500AB42F3 /* Base */,
			);
			name = Main.storyboard;
			sourceTree = "<group>";
		};
		FB10F47E1F1E9DC500AB42F3 /* LaunchScreen.storyboard */ = {
			isa = PBXVariantGroup;
			children = (
				FB10F47F1F1E9DC500AB42F3 /* Base */,
			);
			name = LaunchScreen.storyboard;
			sourceTree = "<group>";
		};
/* End PBXVariantGroup section */

/* Begin XCBuildConfiguration section */
		FB10F4821F1E9DC500AB42F3 /* Debug */ = {
			isa = XCBuildConfiguration;
			buildSettings = {
				ALWAYS_SEARCH_USER_PATHS = NO;
				CLANG_ANALYZER_NONNULL = YES;
				CLANG_ANALYZER_NUMBER_OBJECT_CONVERSION = YES_AGGRESSIVE;
				CLANG_CXX_LANGUAGE_STANDARD = "gnu++0x";
				CLANG_CXX_LIBRARY = "libc++";
				CLANG_ENABLE_MODULES = YES;
				CLANG_ENABLE_OBJC_ARC = YES;
				CLANG_WARN_BOOL_CONVERSION = YES;
				CLANG_WARN_CONSTANT_CONVERSION = YES;
				CLANG_WARN_DIRECT_OBJC_ISA_USAGE = YES_ERROR;
				CLANG_WARN_DOCUMENTATION_COMMENTS = YES;
				CLANG_WARN_EMPTY_BODY = YES;
				CLANG_WARN_ENUM_CONVERSION = YES;
				CLANG_WARN_INFINITE_RECURSION = YES;
				CLANG_WARN_INT_CONVERSION = YES;
				CLANG_WARN_OBJC_ROOT_CLASS = YES_ERROR;
				CLANG_WARN_SUSPICIOUS_MOVE = YES;
				CLANG_WARN_UNREACHABLE_CODE = YES;
				CLANG_WARN__DUPLICATE_METHOD_MATCH = YES;
				"CODE_SIGN_IDENTITY[sdk=iphoneos*]" = "iPhone Developer";
				COPY_PHASE_STRIP = NO;
				DEBUG_INFORMATION_FORMAT = dwarf;
				ENABLE_STRICT_OBJC_MSGSEND = YES;
				ENABLE_TESTABILITY = YES;
				GCC_C_LANGUAGE_STANDARD = gnu99;
				GCC_DYNAMIC_NO_PIC = NO;
				GCC_NO_COMMON_BLOCKS = YES;
				GCC_OPTIMIZATION_LEVEL = 0;
				GCC_PREPROCESSOR_DEFINITIONS = (
					"DEBUG=1",
					"$(inherited)",
				);
				GCC_WARN_64_TO_32_BIT_CONVERSION = YES;
				GCC_WARN_ABOUT_RETURN_TYPE = YES_ERROR;
				GCC_WARN_UNDECLARED_SELECTOR = YES;
				GCC_WARN_UNINITIALIZED_AUTOS = YES_AGGRESSIVE;
				GCC_WARN_UNUSED_FUNCTION = YES;
				GCC_WARN_UNUSED_VARIABLE = YES;
				IPHONEOS_DEPLOYMENT_TARGET = 10.3;
				MTL_ENABLE_DEBUG_INFO = YES;
				ONLY_ACTIVE_ARCH = YES;
				SDKROOT = iphoneos;
				SWIFT_ACTIVE_COMPILATION_CONDITIONS = DEBUG;
				SWIFT_OPTIMIZATION_LEVEL = "-Onone";
				TARGETED_DEVICE_FAMILY = "1,2";
			};
			name = Debug;
		};
		FB10F4831F1E9DC500AB42F3 /* Release */ = {
			isa = XCBuildConfiguration;
			buildSettings = {
				ALWAYS_SEARCH_USER_PATHS = NO;
				CLANG_ANALYZER_NONNULL = YES;
				CLANG_ANALYZER_NUMBER_OBJECT_CONVERSION = YES_AGGRESSIVE;
				CLANG_CXX_LANGUAGE_STANDARD = "gnu++0x";
				CLANG_CXX_LIBRARY = "libc++";
				CLANG_ENABLE_MODULES = YES;
				CLANG_ENABLE_OBJC_ARC = YES;
				CLANG_WARN_BOOL_CONVERSION = YES;
				CLANG_WARN_CONSTANT_CONVERSION = YES;
				CLANG_WARN_DIRECT_OBJC_ISA_USAGE = YES_ERROR;
				CLANG_WARN_DOCUMENTATION_COMMENTS = YES;
				CLANG_WARN_EMPTY_BODY = YES;
				CLANG_WARN_ENUM_CONVERSION = YES;
				CLANG_WARN_INFINITE_RECURSION = YES;
				CLANG_WARN_INT_CONVERSION = YES;
				CLANG_WARN_OBJC_ROOT_CLASS = YES_ERROR;
				CLANG_WARN_SUSPICIOUS_MOVE = YES;
				CLANG_WARN_UNREACHABLE_CODE = YES;
				CLANG_WARN__DUPLICATE_METHOD_MATCH = YES;
				"CODE_SIGN_IDENTITY[sdk=iphoneos*]" = "iPhone Developer";
				COPY_PHASE_STRIP = NO;
				DEBUG_INFORMATION_FORMAT = "dwarf-with-dsym";
				ENABLE_NS_ASSERTIONS = NO;
				ENABLE_STRICT_OBJC_MSGSEND = YES;
				GCC_C_LANGUAGE_STANDARD = gnu99;
				GCC_NO_COMMON_BLOCKS = YES;
				GCC_WARN_64_TO_32_BIT_CONVERSION = YES;
				GCC_WARN_ABOUT_RETURN_TYPE = YES_ERROR;
				GCC_WARN_UNDECLARED_SELECTOR = YES;
				GCC_WARN_UNINITIALIZED_AUTOS = YES_AGGRESSIVE;
				GCC_WARN_UNUSED_FUNCTION = YES;
				GCC_WARN_UNUSED_VARIABLE = YES;
				IPHONEOS_DEPLOYMENT_TARGET = 10.3;
				MTL_ENABLE_DEBUG_INFO = NO;
				SDKROOT = iphoneos;
				SWIFT_OPTIMIZATION_LEVEL = "-Owholemodule";
				TARGETED_DEVICE_FAMILY = "1,2";
				VALIDATE_PRODUCT = YES;
			};
			name = Release;
		};
		FB10F4851F1E9DC500AB42F3 /* Debug */ = {
			isa = XCBuildConfiguration;
			buildSettings = {
				ASSETCATALOG_COMPILER_APPICON_NAME = AppIcon;
				CLANG_ENABLE_MODULES = YES;
				INFOPLIST_FILE = CarrouselTest/Info.plist;
				LD_RUNPATH_SEARCH_PATHS = "$(inherited) @executable_path/Frameworks";
				PRODUCT_BUNDLE_IDENTIFIER = RodrigoChetto.CarrouselTest;
				PRODUCT_NAME = "$(TARGET_NAME)";
				SWIFT_OBJC_BRIDGING_HEADER = "CarrouselTest-Bridging-Header.h";
				SWIFT_OPTIMIZATION_LEVEL = "-Onone";
				SWIFT_VERSION = 3.0;
			};
			name = Debug;
		};
		FB10F4861F1E9DC500AB42F3 /* Release */ = {
			isa = XCBuildConfiguration;
			buildSettings = {
				ASSETCATALOG_COMPILER_APPICON_NAME = AppIcon;
				CLANG_ENABLE_MODULES = YES;
				INFOPLIST_FILE = CarrouselTest/Info.plist;
				LD_RUNPATH_SEARCH_PATHS = "$(inherited) @executable_path/Frameworks";
				PRODUCT_BUNDLE_IDENTIFIER = RodrigoChetto.CarrouselTest;
				PRODUCT_NAME = "$(TARGET_NAME)";
				SWIFT_OBJC_BRIDGING_HEADER = "CarrouselTest-Bridging-Header.h";
				SWIFT_VERSION = 3.0;
			};
			name = Release;
		};
/* End XCBuildConfiguration section */

/* Begin XCConfigurationList section */
		FB10F46D1F1E9DC500AB42F3 /* Build configuration list for PBXProject "CarrouselTest" */ = {
			isa = XCConfigurationList;
			buildConfigurations = (
				FB10F4821F1E9DC500AB42F3 /* Debug */,
				FB10F4831F1E9DC500AB42F3 /* Release */,
			);
			defaultConfigurationIsVisible = 0;
			defaultConfigurationName = Release;
		};
		FB10F4841F1E9DC500AB42F3 /* Build configuration list for PBXNativeTarget "CarrouselTest" */ = {
			isa = XCConfigurationList;
			buildConfigurations = (
				FB10F4851F1E9DC500AB42F3 /* Debug */,
				FB10F4861F1E9DC500AB42F3 /* Release */,
			);
			defaultConfigurationIsVisible = 0;
		};
/* End XCConfigurationList section */
	};
	rootObject = FB10F46A1F1E9DC500AB42F3 /* Project object */;
}
